
Microsoft Visual Studio Solution File, Format Version 12.00
# Visual Studio Version 16
VisualStudioVersion = 16.0.29201.188
MinimumVisualStudioVersion = 10.0.40219.1
Project("{9A19103F-16F7-4668-BE54-9A1E7A4F7556}") = "hotcho3", "hotcho3\hotcho3.csproj", "{707C827F-4B76-471D-8534-D598D9547CD4}"
EndProject
Global
	GlobalSection(SolutionConfigurationPlatforms) = preSolution
		Debug|Any CPU = Debug|Any CPU
		Release|Any CPU = Release|Any CPU
	EndGlobalSection
	GlobalSection(ProjectConfigurationPlatforms) = postSolution
		{707C827F-4B76-471D-8534-D598D9547CD4}.Debug|Any CPU.ActiveCfg = Debug|Any CPU
		{707C827F-4B76-471D-8534-D598D9547CD4}.Debug|Any CPU.Build.0 = Debug|Any CPU
		{707C827F-4B76-471D-8534-D598D9547CD4}.Release|Any CPU.ActiveCfg = Release|Any CPU
		{707C827F-4B76-471D-8534-D598D9547CD4}.Release|Any CPU.Build.0 = Release|Any CPU
	EndGlobalSection
	GlobalSection(SolutionProperties) = preSolution
		HideSolutionNode = FALSE
	EndGlobalSection
	GlobalSection(ExtensibilityGlobals) = postSolution
		SolutionGuid = {2EC135C1-40AC-4B1C-9CC2-C5DF8993468A}
	EndGlobalSection
EndGlobal
